
Microsoft Visual Studio Solution File, Format Version 12.00
# Visual Studio Version 17
VisualStudioVersion = 17.1.32421.90
MinimumVisualStudioVersion = 10.0.40219.1
Project("{9A19103F-16F7-4668-BE54-9A1E7A4F7556}") = "ClassLibrary", "ClassLibrary\ClassLibrary.csproj", "{FDFA282A-245E-419E-870E-11F13D6ED343}"
EndProject
Global
	GlobalSection(SolutionConfigurationPlatforms) = preSolution
		Debug|Any CPU = Debug|Any CPU
		Release|Any CPU = Release|Any CPU
	EndGlobalSection
	GlobalSection(ProjectConfigurationPlatforms) = postSolution
		{FDFA282A-245E-419E-870E-11F13D6ED343}.Debug|Any CPU.ActiveCfg = Debug|Any CPU
		{FDFA282A-245E-419E-870E-11F13D6ED343}.Debug|Any CPU.Build.0 = Debug|Any CPU
		{FDFA282A-245E-419E-870E-11F13D6ED343}.Release|Any CPU.ActiveCfg = Release|Any CPU
		{FDFA282A-245E-419E-870E-11F13D6ED343}.Release|Any CPU.Build.0 = Release|Any CPU
	EndGlobalSection
	GlobalSection(SolutionProperties) = preSolution
		HideSolutionNode = FALSE
	EndGlobalSection
	GlobalSection(ExtensibilityGlobals) = postSolution
		SolutionGuid = {2AFEC65B-D161-4CD9-8AA5-CAEA05C338B6}
	EndGlobalSection
EndGlobal
