
Microsoft Visual Studio Solution File, Format Version 12.00
# Visual Studio Version 17
VisualStudioVersion = 17.1.32421.90
MinimumVisualStudioVersion = 10.0.40219.1
Project("{FAE04EC0-301F-11D3-BF4B-00C04F79EFBC}") = "HelloWorldApplication", "HelloWorldApplication\HelloWorldApplication.csproj", "{0D1F2560-3858-455E-B7B6-C14BC924FA59}"
EndProject
Global
	GlobalSection(SolutionConfigurationPlatforms) = preSolution
		Debug|Any CPU = Debug|Any CPU
		Release|Any CPU = Release|Any CPU
	EndGlobalSection
	GlobalSection(ProjectConfigurationPlatforms) = postSolution
		{0D1F2560-3858-455E-B7B6-C14BC924FA59}.Debug|Any CPU.ActiveCfg = Debug|Any CPU
		{0D1F2560-3858-455E-B7B6-C14BC924FA59}.Debug|Any CPU.Build.0 = Debug|Any CPU
		{0D1F2560-3858-455E-B7B6-C14BC924FA59}.Release|Any CPU.ActiveCfg = Release|Any CPU
		{0D1F2560-3858-455E-B7B6-C14BC924FA59}.Release|Any CPU.Build.0 = Release|Any CPU
	EndGlobalSection
	GlobalSection(SolutionProperties) = preSolution
		HideSolutionNode = FALSE
	EndGlobalSection
	GlobalSection(ExtensibilityGlobals) = postSolution
		SolutionGuid = {3C3250EB-183F-4493-88B9-06FBCF68019B}
	EndGlobalSection
EndGlobal
