
Microsoft Visual Studio Solution File, Format Version 12.00
# Visual Studio Version 17
VisualStudioVersion = 17.1.32421.90
MinimumVisualStudioVersion = 10.0.40219.1
Project("{FAE04EC0-301F-11D3-BF4B-00C04F79EFBC}") = "ConsoleAppication-ClassLibraryAssignment", "ConsoleAppication-ClassLibraryAssignment\ConsoleAppication-ClassLibraryAssignment.csproj", "{C36521D3-EE71-4D3F-8FF0-3E9ECB2826F2}"
EndProject
Global
	GlobalSection(SolutionConfigurationPlatforms) = preSolution
		Debug|Any CPU = Debug|Any CPU
		Release|Any CPU = Release|Any CPU
	EndGlobalSection
	GlobalSection(ProjectConfigurationPlatforms) = postSolution
		{C36521D3-EE71-4D3F-8FF0-3E9ECB2826F2}.Debug|Any CPU.ActiveCfg = Debug|Any CPU
		{C36521D3-EE71-4D3F-8FF0-3E9ECB2826F2}.Debug|Any CPU.Build.0 = Debug|Any CPU
		{C36521D3-EE71-4D3F-8FF0-3E9ECB2826F2}.Release|Any CPU.ActiveCfg = Release|Any CPU
		{C36521D3-EE71-4D3F-8FF0-3E9ECB2826F2}.Release|Any CPU.Build.0 = Release|Any CPU
	EndGlobalSection
	GlobalSection(SolutionProperties) = preSolution
		HideSolutionNode = FALSE
	EndGlobalSection
	GlobalSection(ExtensibilityGlobals) = postSolution
		SolutionGuid = {F92FDAF1-1CD4-4867-ACE9-28F6FB835180}
	EndGlobalSection
EndGlobal
