
Microsoft Visual Studio Solution File, Format Version 12.00
# Visual Studio Version 17
VisualStudioVersion = 17.1.32421.90
MinimumVisualStudioVersion = 10.0.40219.1
Project("{FAE04EC0-301F-11D3-BF4B-00C04F79EFBC}") = "ConsoleAppForClassLibrary", "ConsoleAppForClassLibrary\ConsoleAppForClassLibrary.csproj", "{B6185C07-1B45-4A28-8669-095493D6A1FF}"
EndProject
Global
	GlobalSection(SolutionConfigurationPlatforms) = preSolution
		Debug|Any CPU = Debug|Any CPU
		Release|Any CPU = Release|Any CPU
	EndGlobalSection
	GlobalSection(ProjectConfigurationPlatforms) = postSolution
		{B6185C07-1B45-4A28-8669-095493D6A1FF}.Debug|Any CPU.ActiveCfg = Debug|Any CPU
		{B6185C07-1B45-4A28-8669-095493D6A1FF}.Debug|Any CPU.Build.0 = Debug|Any CPU
		{B6185C07-1B45-4A28-8669-095493D6A1FF}.Release|Any CPU.ActiveCfg = Release|Any CPU
		{B6185C07-1B45-4A28-8669-095493D6A1FF}.Release|Any CPU.Build.0 = Release|Any CPU
	EndGlobalSection
	GlobalSection(SolutionProperties) = preSolution
		HideSolutionNode = FALSE
	EndGlobalSection
	GlobalSection(ExtensibilityGlobals) = postSolution
		SolutionGuid = {E5F41C47-586C-4E9C-BC23-94D681492EDD}
	EndGlobalSection
EndGlobal
