
Microsoft Visual Studio Solution File, Format Version 12.00
# Visual Studio Version 17
VisualStudioVersion = 17.1.32421.90
MinimumVisualStudioVersion = 10.0.40219.1
Project("{9A19103F-16F7-4668-BE54-9A1E7A4F7556}") = "ConsoleAppForClassLibrary", "ConsoleAppForClassLibrary\ConsoleAppForClassLibrary.csproj", "{B6185C07-1B45-4A28-8669-095493D6A1FF}"
EndProject
Project("{9A19103F-16F7-4668-BE54-9A1E7A4F7556}") = "TestProject", "TestProject\TestProject.csproj", "{86289B41-FF7D-4293-A07B-E48DF0AF05BA}"
EndProject
Global
	GlobalSection(SolutionConfigurationPlatforms) = preSolution
		Debug|Any CPU = Debug|Any CPU
		Release|Any CPU = Release|Any CPU
	EndGlobalSection
	GlobalSection(ProjectConfigurationPlatforms) = postSolution
		{B6185C07-1B45-4A28-8669-095493D6A1FF}.Debug|Any CPU.ActiveCfg = Debug|Any CPU
		{B6185C07-1B45-4A28-8669-095493D6A1FF}.Debug|Any CPU.Build.0 = Debug|Any CPU
		{B6185C07-1B45-4A28-8669-095493D6A1FF}.Release|Any CPU.ActiveCfg = Release|Any CPU
		{B6185C07-1B45-4A28-8669-095493D6A1FF}.Release|Any CPU.Build.0 = Release|Any CPU
		{86289B41-FF7D-4293-A07B-E48DF0AF05BA}.Debug|Any CPU.ActiveCfg = Debug|Any CPU
		{86289B41-FF7D-4293-A07B-E48DF0AF05BA}.Debug|Any CPU.Build.0 = Debug|Any CPU
		{86289B41-FF7D-4293-A07B-E48DF0AF05BA}.Release|Any CPU.ActiveCfg = Release|Any CPU
		{86289B41-FF7D-4293-A07B-E48DF0AF05BA}.Release|Any CPU.Build.0 = Release|Any CPU
	EndGlobalSection
	GlobalSection(SolutionProperties) = preSolution
		HideSolutionNode = FALSE
	EndGlobalSection
	GlobalSection(ExtensibilityGlobals) = postSolution
		SolutionGuid = {E5F41C47-586C-4E9C-BC23-94D681492EDD}
	EndGlobalSection
EndGlobal
